// !$*UTF8*$!
{
	archiveVersion = 1;
	classes = {
	};
	objectVersion = 46;
	objects = {

/* Begin PBXBuildFile section */
		FB4A79111CBB747900AB36BB /* AccountKit.framework in Frameworks */ = {isa = PBXBuildFile; fileRef = FB4A79101CBB747900AB36BB /* AccountKit.framework */; };
		FB5EBC401AD3A9FA002E529B /* main.m in Sources */ = {isa = PBXBuildFile; fileRef = FB5EBC3F1AD3A9FA002E529B /* main.m */; };
		FB5EBC431AD3A9FA002E529B /* PFTAppDelegate.m in Sources */ = {isa = PBXBuildFile; fileRef = FB5EBC421AD3A9FA002E529B /* PFTAppDelegate.m */; };
		FB5EBC461AD3A9FA002E529B /* PFTSocialController.m in Sources */ = {isa = PBXBuildFile; fileRef = FB5EBC451AD3A9FA002E529B /* PFTSocialController.m */; };
		FB5EBC491AD3A9FA002E529B /* PFTAppEventsController.m in Sources */ = {isa = PBXBuildFile; fileRef = FB5EBC481AD3A9FA002E529B /* PFTAppEventsController.m */; };
		FB5EBC4C1AD3A9FA002E529B /* Main.storyboard in Resources */ = {isa = PBXBuildFile; fileRef = FB5EBC4A1AD3A9FA002E529B /* Main.storyboard */; };
		FB5EBC4E1AD3A9FA002E529B /* Images.xcassets in Resources */ = {isa = PBXBuildFile; fileRef = FB5EBC4D1AD3A9FA002E529B /* Images.xcassets */; };
		FB5EBC511AD3A9FA002E529B /* LaunchScreen.xib in Resources */ = {isa = PBXBuildFile; fileRef = FB5EBC4F1AD3A9FA002E529B /* LaunchScreen.xib */; };
		FB5F5E741ADD6E3400E7A019 /* PFTSharingDelegate.m in Sources */ = {isa = PBXBuildFile; fileRef = FB5F5E731ADD6E3400E7A019 /* PFTSharingDelegate.m */; };
		FB5F5E7A1ADD71CD00E7A019 /* PFTAppInviteDialogDelegate.m in Sources */ = {isa = PBXBuildFile; fileRef = FB5F5E791ADD71CD00E7A019 /* PFTAppInviteDialogDelegate.m */; };
		FB5F5E7D1ADD875C00E7A019 /* PFTTableViewPickerController.m in Sources */ = {isa = PBXBuildFile; fileRef = FB5F5E7C1ADD875C00E7A019 /* PFTTableViewPickerController.m */; };
		FB6A99861BAB36A800D54EEF /* Parse.framework in Frameworks */ = {isa = PBXBuildFile; fileRef = FB6A99851BAB36A800D54EEF /* Parse.framework */; };
		FB6D87211BAFD5D900B8EAE8 /* Bolts.framework in Frameworks */ = {isa = PBXBuildFile; fileRef = FB6D871D1BAFD5D900B8EAE8 /* Bolts.framework */; };
		FB6D87221BAFD5D900B8EAE8 /* FBSDKCoreKit.framework in Frameworks */ = {isa = PBXBuildFile; fileRef = FB6D871E1BAFD5D900B8EAE8 /* FBSDKCoreKit.framework */; };
		FB6D87231BAFD5D900B8EAE8 /* FBSDKLoginKit.framework in Frameworks */ = {isa = PBXBuildFile; fileRef = FB6D871F1BAFD5D900B8EAE8 /* FBSDKLoginKit.framework */; };
		FB6D87241BAFD5D900B8EAE8 /* FBSDKShareKit.framework in Frameworks */ = {isa = PBXBuildFile; fileRef = FB6D87201BAFD5D900B8EAE8 /* FBSDKShareKit.framework */; };
		FB6D87271BAFE03600B8EAE8 /* PFTImageViewController.m in Sources */ = {isa = PBXBuildFile; fileRef = FB6D87261BAFE03600B8EAE8 /* PFTImageViewController.m */; };
		FB7C07461BB010B300EFE8D8 /* OverlayView.xib in Resources */ = {isa = PBXBuildFile; fileRef = FB7C07451BB010B300EFE8D8 /* OverlayView.xib */; };
		FBA5CDC01ADE68340099E5A4 /* PFTPickerViewController.m in Sources */ = {isa = PBXBuildFile; fileRef = FBA5CDBF1ADE68340099E5A4 /* PFTPickerViewController.m */; };
		FBBDE3EB1AD5B71B000EB014 /* PFTGameRequestDelegate.m in Sources */ = {isa = PBXBuildFile; fileRef = FBBDE3EA1AD5B71B000EB014 /* PFTGameRequestDelegate.m */; };
		FBC06F1C1ADED33F002CC1F5 /* PFTUiSwipeViewController.m in Sources */ = {isa = PBXBuildFile; fileRef = FBC06F1B1ADED33F002CC1F5 /* PFTUiSwipeViewController.m */; };
		FBFC3FCF1AFB5D510066A31F /* AdSupport.framework in Frameworks */ = {isa = PBXBuildFile; fileRef = FBFC3FBE1AFB5D510066A31F /* AdSupport.framework */; };
		FBFC3FD01AFB5D510066A31F /* Social.framework in Frameworks */ = {isa = PBXBuildFile; fileRef = FBFC3FBF1AFB5D510066A31F /* Social.framework */; };
		FBFC3FD11AFB5D510066A31F /* Accounts.framework in Frameworks */ = {isa = PBXBuildFile; fileRef = FBFC3FC01AFB5D510066A31F /* Accounts.framework */; };
		FBFC3FD21AFB5D510066A31F /* AudioToolbox.framework in Frameworks */ = {isa = PBXBuildFile; fileRef = FBFC3FC11AFB5D510066A31F /* AudioToolbox.framework */; };
		FBFC3FD31AFB5D510066A31F /* CFNetwork.framework in Frameworks */ = {isa = PBXBuildFile; fileRef = FBFC3FC21AFB5D510066A31F /* CFNetwork.framework */; };
		FBFC3FD41AFB5D510066A31F /* CoreGraphics.framework in Frameworks */ = {isa = PBXBuildFile; fileRef = FBFC3FC31AFB5D510066A31F /* CoreGraphics.framework */; };
		FBFC3FD51AFB5D510066A31F /* CoreLocation.framework in Frameworks */ = {isa = PBXBuildFile; fileRef = FBFC3FC41AFB5D510066A31F /* CoreLocation.framework */; };
		FBFC3FD61AFB5D510066A31F /* Foundation.framework in Frameworks */ = {isa = PBXBuildFile; fileRef = FBFC3FC51AFB5D510066A31F /* Foundation.framework */; };
		FBFC3FD71AFB5D510066A31F /* libsqlite3.dylib in Frameworks */ = {isa = PBXBuildFile; fileRef = FBFC3FC61AFB5D510066A31F /* libsqlite3.dylib */; };
		FBFC3FD81AFB5D510066A31F /* libz.1.1.3.dylib in Frameworks */ = {isa = PBXBuildFile; fileRef = FBFC3FC71AFB5D510066A31F /* libz.1.1.3.dylib */; };
		FBFC3FD91AFB5D510066A31F /* libstdc++.6.dylib in Frameworks */ = {isa = PBXBuildFile; fileRef = FBFC3FC81AFB5D510066A31F /* libstdc++.6.dylib */; };
		FBFC3FDA1AFB5D510066A31F /* MobileCoreServices.framework in Frameworks */ = {isa = PBXBuildFile; fileRef = FBFC3FC91AFB5D510066A31F /* MobileCoreServices.framework */; };
		FBFC3FDB1AFB5D510066A31F /* QuartzCore.framework in Frameworks */ = {isa = PBXBuildFile; fileRef = FBFC3FCA1AFB5D510066A31F /* QuartzCore.framework */; };
		FBFC3FDD1AFB5D510066A31F /* StoreKit.framework in Frameworks */ = {isa = PBXBuildFile; fileRef = FBFC3FCC1AFB5D510066A31F /* StoreKit.framework */; };
		FBFC3FDE1AFB5D510066A31F /* SystemConfiguration.framework in Frameworks */ = {isa = PBXBuildFile; fileRef = FBFC3FCD1AFB5D510066A31F /* SystemConfiguration.framework */; };
		FBFC3FDF1AFB5D510066A31F /* UIKit.framework in Frameworks */ = {isa = PBXBuildFile; fileRef = FBFC3FCE1AFB5D510066A31F /* UIKit.framework */; };
		FBFC3FE11AFB5D9A0066A31F /* Security.framework in Frameworks */ = {isa = PBXBuildFile; fileRef = FBFC3FE01AFB5D9A0066A31F /* Security.framework */; };
/* End PBXBuildFile section */

/* Begin PBXFileReference section */
		FB4A79101CBB747900AB36BB /* AccountKit.framework */ = {isa = PBXFileReference; lastKnownFileType = wrapper.framework; name = AccountKit.framework; path = ../../Documents/FacebookSDK/AccountKit.framework; sourceTree = "<group>"; };
		FB5EBC3A1AD3A9FA002E529B /* platformTest.app */ = {isa = PBXFileReference; explicitFileType = wrapper.application; includeInIndex = 0; path = platformTest.app; sourceTree = BUILT_PRODUCTS_DIR; };
		FB5EBC3E1AD3A9FA002E529B /* Info.plist */ = {isa = PBXFileReference; lastKnownFileType = text.plist.xml; path = Info.plist; sourceTree = "<group>"; };
		FB5EBC3F1AD3A9FA002E529B /* main.m */ = {isa = PBXFileReference; lastKnownFileType = sourcecode.c.objc; path = main.m; sourceTree = "<group>"; };
		FB5EBC411AD3A9FA002E529B /* PFTAppDelegate.h */ = {isa = PBXFileReference; lastKnownFileType = sourcecode.c.h; path = PFTAppDelegate.h; sourceTree = "<group>"; };
		FB5EBC421AD3A9FA002E529B /* PFTAppDelegate.m */ = {isa = PBXFileReference; lastKnownFileType = sourcecode.c.objc; path = PFTAppDelegate.m; sourceTree = "<group>"; };
		FB5EBC441AD3A9FA002E529B /* PFTSocialController.h */ = {isa = PBXFileReference; lastKnownFileType = sourcecode.c.h; path = PFTSocialController.h; sourceTree = "<group>"; };
		FB5EBC451AD3A9FA002E529B /* PFTSocialController.m */ = {isa = PBXFileReference; lastKnownFileType = sourcecode.c.objc; path = PFTSocialController.m; sourceTree = "<group>"; };
		FB5EBC471AD3A9FA002E529B /* PFTAppEventsController.h */ = {isa = PBXFileReference; lastKnownFileType = sourcecode.c.h; path = PFTAppEventsController.h; sourceTree = "<group>"; };
		FB5EBC481AD3A9FA002E529B /* PFTAppEventsController.m */ = {isa = PBXFileReference; lastKnownFileType = sourcecode.c.objc; path = PFTAppEventsController.m; sourceTree = "<group>"; };
		FB5EBC4B1AD3A9FA002E529B /* Base */ = {isa = PBXFileReference; lastKnownFileType = file.storyboard; name = Base; path = Base.lproj/Main.storyboard; sourceTree = "<group>"; };
		FB5EBC4D1AD3A9FA002E529B /* Images.xcassets */ = {isa = PBXFileReference; lastKnownFileType = folder.assetcatalog; path = Images.xcassets; sourceTree = "<group>"; };
		FB5EBC501AD3A9FA002E529B /* Base */ = {isa = PBXFileReference; lastKnownFileType = file.xib; name = Base; path = Base.lproj/LaunchScreen.xib; sourceTree = "<group>"; };
		FB5EBC5B1AD3A9FA002E529B /* Info.plist */ = {isa = PBXFileReference; lastKnownFileType = text.plist.xml; path = Info.plist; sourceTree = "<group>"; };
		FB5EBC5C1AD3A9FA002E529B /* platformTestTests.m */ = {isa = PBXFileReference; lastKnownFileType = sourcecode.c.objc; path = platformTestTests.m; sourceTree = "<group>"; };
		FB5F5E721ADD6E3400E7A019 /* PFTSharingDelegate.h */ = {isa = PBXFileReference; fileEncoding = 4; lastKnownFileType = sourcecode.c.h; path = PFTSharingDelegate.h; sourceTree = "<group>"; };
		FB5F5E731ADD6E3400E7A019 /* PFTSharingDelegate.m */ = {isa = PBXFileReference; fileEncoding = 4; lastKnownFileType = sourcecode.c.objc; path = PFTSharingDelegate.m; sourceTree = "<group>"; };
		FB5F5E781ADD71CD00E7A019 /* PFTAppInviteDialogDelegate.h */ = {isa = PBXFileReference; fileEncoding = 4; lastKnownFileType = sourcecode.c.h; path = PFTAppInviteDialogDelegate.h; sourceTree = "<group>"; };
		FB5F5E791ADD71CD00E7A019 /* PFTAppInviteDialogDelegate.m */ = {isa = PBXFileReference; fileEncoding = 4; lastKnownFileType = sourcecode.c.objc; path = PFTAppInviteDialogDelegate.m; sourceTree = "<group>"; };
		FB5F5E7B1ADD875C00E7A019 /* PFTTableViewPickerController.h */ = {isa = PBXFileReference; fileEncoding = 4; lastKnownFileType = sourcecode.c.h; path = PFTTableViewPickerController.h; sourceTree = "<group>"; };
		FB5F5E7C1ADD875C00E7A019 /* PFTTableViewPickerController.m */ = {isa = PBXFileReference; fileEncoding = 4; lastKnownFileType = sourcecode.c.objc; path = PFTTableViewPickerController.m; sourceTree = "<group>"; };
		FB6A99851BAB36A800D54EEF /* Parse.framework */ = {isa = PBXFileReference; lastKnownFileType = wrapper.framework; name = Parse.framework; path = "../../Documents/parse-library/Parse.framework"; sourceTree = "<group>"; };
		FB6D871D1BAFD5D900B8EAE8 /* Bolts.framework */ = {isa = PBXFileReference; lastKnownFileType = wrapper.framework; name = Bolts.framework; path = ../../Documents/FacebookSDK/Bolts.framework; sourceTree = "<group>"; };
		FB6D871E1BAFD5D900B8EAE8 /* FBSDKCoreKit.framework */ = {isa = PBXFileReference; lastKnownFileType = wrapper.framework; name = FBSDKCoreKit.framework; path = ../../Documents/FacebookSDK/FBSDKCoreKit.framework; sourceTree = "<group>"; };
		FB6D871F1BAFD5D900B8EAE8 /* FBSDKLoginKit.framework */ = {isa = PBXFileReference; lastKnownFileType = wrapper.framework; name = FBSDKLoginKit.framework; path = ../../Documents/FacebookSDK/FBSDKLoginKit.framework; sourceTree = "<group>"; };
		FB6D87201BAFD5D900B8EAE8 /* FBSDKShareKit.framework */ = {isa = PBXFileReference; lastKnownFileType = wrapper.framework; name = FBSDKShareKit.framework; path = ../../Documents/FacebookSDK/FBSDKShareKit.framework; sourceTree = "<group>"; };
		FB6D87251BAFE03600B8EAE8 /* PFTImageViewController.h */ = {isa = PBXFileReference; fileEncoding = 4; lastKnownFileType = sourcecode.c.h; path = PFTImageViewController.h; sourceTree = "<group>"; };
		FB6D87261BAFE03600B8EAE8 /* PFTImageViewController.m */ = {isa = PBXFileReference; fileEncoding = 4; lastKnownFileType = sourcecode.c.objc; path = PFTImageViewController.m; sourceTree = "<group>"; };
		FB7C07451BB010B300EFE8D8 /* OverlayView.xib */ = {isa = PBXFileReference; fileEncoding = 4; lastKnownFileType = file.xib; path = OverlayView.xib; sourceTree = "<group>"; };
		FBA5CDBE1ADE68340099E5A4 /* PFTPickerViewController.h */ = {isa = PBXFileReference; fileEncoding = 4; lastKnownFileType = sourcecode.c.h; path = PFTPickerViewController.h; sourceTree = "<group>"; };
		FBA5CDBF1ADE68340099E5A4 /* PFTPickerViewController.m */ = {isa = PBXFileReference; fileEncoding = 4; lastKnownFileType = sourcecode.c.objc; path = PFTPickerViewController.m; sourceTree = "<group>"; };
		FBBDE3E91AD5B71B000EB014 /* PFTGameRequestDelegate.h */ = {isa = PBXFileReference; fileEncoding = 4; lastKnownFileType = sourcecode.c.h; path = PFTGameRequestDelegate.h; sourceTree = "<group>"; };
		FBBDE3EA1AD5B71B000EB014 /* PFTGameRequestDelegate.m */ = {isa = PBXFileReference; fileEncoding = 4; lastKnownFileType = sourcecode.c.objc; path = PFTGameRequestDelegate.m; sourceTree = "<group>"; };
		FBC06F1A1ADED33F002CC1F5 /* PFTUiSwipeViewController.h */ = {isa = PBXFileReference; fileEncoding = 4; lastKnownFileType = sourcecode.c.h; path = PFTUiSwipeViewController.h; sourceTree = "<group>"; };
		FBC06F1B1ADED33F002CC1F5 /* PFTUiSwipeViewController.m */ = {isa = PBXFileReference; fileEncoding = 4; lastKnownFileType = sourcecode.c.objc; path = PFTUiSwipeViewController.m; sourceTree = "<group>"; };
		FBFC3FBE1AFB5D510066A31F /* AdSupport.framework */ = {isa = PBXFileReference; lastKnownFileType = wrapper.framework; name = AdSupport.framework; path = System/Library/Frameworks/AdSupport.framework; sourceTree = SDKROOT; };
		FBFC3FBF1AFB5D510066A31F /* Social.framework */ = {isa = PBXFileReference; lastKnownFileType = wrapper.framework; name = Social.framework; path = System/Library/Frameworks/Social.framework; sourceTree = SDKROOT; };
		FBFC3FC01AFB5D510066A31F /* Accounts.framework */ = {isa = PBXFileReference; lastKnownFileType = wrapper.framework; name = Accounts.framework; path = System/Library/Frameworks/Accounts.framework; sourceTree = SDKROOT; };
		FBFC3FC11AFB5D510066A31F /* AudioToolbox.framework */ = {isa = PBXFileReference; lastKnownFileType = wrapper.framework; name = AudioToolbox.framework; path = System/Library/Frameworks/AudioToolbox.framework; sourceTree = SDKROOT; };
		FBFC3FC21AFB5D510066A31F /* CFNetwork.framework */ = {isa = PBXFileReference; lastKnownFileType = wrapper.framework; name = CFNetwork.framework; path = System/Library/Frameworks/CFNetwork.framework; sourceTree = SDKROOT; };
		FBFC3FC31AFB5D510066A31F /* CoreGraphics.framework */ = {isa = PBXFileReference; lastKnownFileType = wrapper.framework; name = CoreGraphics.framework; path = System/Library/Frameworks/CoreGraphics.framework; sourceTree = SDKROOT; };
		FBFC3FC41AFB5D510066A31F /* CoreLocation.framework */ = {isa = PBXFileReference; lastKnownFileType = wrapper.framework; name = CoreLocation.framework; path = System/Library/Frameworks/CoreLocation.framework; sourceTree = SDKROOT; };
		FBFC3FC51AFB5D510066A31F /* Foundation.framework */ = {isa = PBXFileReference; lastKnownFileType = wrapper.framework; name = Foundation.framework; path = System/Library/Frameworks/Foundation.framework; sourceTree = SDKROOT; };
		FBFC3FC61AFB5D510066A31F /* libsqlite3.dylib */ = {isa = PBXFileReference; lastKnownFileType = "compiled.mach-o.dylib"; name = libsqlite3.dylib; path = usr/lib/libsqlite3.dylib; sourceTree = SDKROOT; };
		FBFC3FC71AFB5D510066A31F /* libz.1.1.3.dylib */ = {isa = PBXFileReference; lastKnownFileType = "compiled.mach-o.dylib"; name = libz.1.1.3.dylib; path = usr/lib/libz.1.1.3.dylib; sourceTree = SDKROOT; };
		FBFC3FC81AFB5D510066A31F /* libstdc++.6.dylib */ = {isa = PBXFileReference; lastKnownFileType = "compiled.mach-o.dylib"; name = "libstdc++.6.dylib"; path = "usr/lib/libstdc++.6.dylib"; sourceTree = SDKROOT; };
		FBFC3FC91AFB5D510066A31F /* MobileCoreServices.framework */ = {isa = PBXFileReference; lastKnownFileType = wrapper.framework; name = MobileCoreServices.framework; path = System/Library/Frameworks/MobileCoreServices.framework; sourceTree = SDKROOT; };
		FBFC3FCA1AFB5D510066A31F /* QuartzCore.framework */ = {isa = PBXFileReference; lastKnownFileType = wrapper.framework; name = QuartzCore.framework; path = System/Library/Frameworks/QuartzCore.framework; sourceTree = SDKROOT; };
		FBFC3FCC1AFB5D510066A31F /* StoreKit.framework */ = {isa = PBXFileReference; lastKnownFileType = wrapper.framework; name = StoreKit.framework; path = System/Library/Frameworks/StoreKit.framework; sourceTree = SDKROOT; };
		FBFC3FCD1AFB5D510066A31F /* SystemConfiguration.framework */ = {isa = PBXFileReference; lastKnownFileType = wrapper.framework; name = SystemConfiguration.framework; path = System/Library/Frameworks/SystemConfiguration.framework; sourceTree = SDKROOT; };
		FBFC3FCE1AFB5D510066A31F /* UIKit.framework */ = {isa = PBXFileReference; lastKnownFileType = wrapper.framework; name = UIKit.framework; path = System/Library/Frameworks/UIKit.framework; sourceTree = SDKROOT; };
		FBFC3FE01AFB5D9A0066A31F /* Security.framework */ = {isa = PBXFileReference; lastKnownFileType = wrapper.framework; name = Security.framework; path = System/Library/Frameworks/Security.framework; sourceTree = SDKROOT; };
/* End PBXFileReference section */

/* Begin PBXFrameworksBuildPhase section */
		FB5EBC371AD3A9FA002E529B /* Frameworks */ = {
			isa = PBXFrameworksBuildPhase;
			buildActionMask = 2147483647;
			files = (
				FBFC3FD81AFB5D510066A31F /* libz.1.1.3.dylib in Frameworks */,
				FB6D87211BAFD5D900B8EAE8 /* Bolts.framework in Frameworks */,
				FBFC3FDD1AFB5D510066A31F /* StoreKit.framework in Frameworks */,
				FBFC3FD01AFB5D510066A31F /* Social.framework in Frameworks */,
				FBFC3FDF1AFB5D510066A31F /* UIKit.framework in Frameworks */,
				FB6D87221BAFD5D900B8EAE8 /* FBSDKCoreKit.framework in Frameworks */,
				FB6D87241BAFD5D900B8EAE8 /* FBSDKShareKit.framework in Frameworks */,
				FBFC3FD21AFB5D510066A31F /* AudioToolbox.framework in Frameworks */,
				FB6A99861BAB36A800D54EEF /* Parse.framework in Frameworks */,
				FBFC3FDA1AFB5D510066A31F /* MobileCoreServices.framework in Frameworks */,
				FBFC3FD51AFB5D510066A31F /* CoreLocation.framework in Frameworks */,
				FBFC3FD91AFB5D510066A31F /* libstdc++.6.dylib in Frameworks */,
				FB6D87231BAFD5D900B8EAE8 /* FBSDKLoginKit.framework in Frameworks */,
				FBFC3FD31AFB5D510066A31F /* CFNetwork.framework in Frameworks */,
				FBFC3FD61AFB5D510066A31F /* Foundation.framework in Frameworks */,
				FBFC3FD41AFB5D510066A31F /* CoreGraphics.framework in Frameworks */,
				FBFC3FDB1AFB5D510066A31F /* QuartzCore.framework in Frameworks */,
				FBFC3FE11AFB5D9A0066A31F /* Security.framework in Frameworks */,
				FBFC3FCF1AFB5D510066A31F /* AdSupport.framework in Frameworks */,
				FBFC3FD71AFB5D510066A31F /* libsqlite3.dylib in Frameworks */,
				FBFC3FD11AFB5D510066A31F /* Accounts.framework in Frameworks */,
				FBFC3FDE1AFB5D510066A31F /* SystemConfiguration.framework in Frameworks */,
				FB4A79111CBB747900AB36BB /* AccountKit.framework in Frameworks */,
			);
			runOnlyForDeploymentPostprocessing = 0;
		};
/* End PBXFrameworksBuildPhase section */

/* Begin PBXGroup section */
		FB5EBC311AD3A9FA002E529B = {
			isa = PBXGroup;
			children = (
				FB5EBC731AD3C4CC002E529B /* Frameworks */,
				FB5EBC3C1AD3A9FA002E529B /* platformTest */,
				FB5EBC591AD3A9FA002E529B /* platformTestTests */,
				FB5EBC3B1AD3A9FA002E529B /* Products */,
			);
			sourceTree = "<group>";
		};
		FB5EBC3B1AD3A9FA002E529B /* Products */ = {
			isa = PBXGroup;
			children = (
				FB5EBC3A1AD3A9FA002E529B /* platformTest.app */,
			);
			name = Products;
			sourceTree = "<group>";
		};
		FB5EBC3C1AD3A9FA002E529B /* platformTest */ = {
			isa = PBXGroup;
			children = (
				FB5EBC411AD3A9FA002E529B /* PFTAppDelegate.h */,
				FB5EBC421AD3A9FA002E529B /* PFTAppDelegate.m */,
				FB5EBC441AD3A9FA002E529B /* PFTSocialController.h */,
				FB5EBC451AD3A9FA002E529B /* PFTSocialController.m */,
				FBA5CDBE1ADE68340099E5A4 /* PFTPickerViewController.h */,
				FBA5CDBF1ADE68340099E5A4 /* PFTPickerViewController.m */,
				FB5F5E7B1ADD875C00E7A019 /* PFTTableViewPickerController.h */,
				FB5F5E7C1ADD875C00E7A019 /* PFTTableViewPickerController.m */,
				FB6D87251BAFE03600B8EAE8 /* PFTImageViewController.h */,
				FB6D87261BAFE03600B8EAE8 /* PFTImageViewController.m */,
				FBC06F1A1ADED33F002CC1F5 /* PFTUiSwipeViewController.h */,
				FBC06F1B1ADED33F002CC1F5 /* PFTUiSwipeViewController.m */,
				FB5EBC471AD3A9FA002E529B /* PFTAppEventsController.h */,
				FB5EBC481AD3A9FA002E529B /* PFTAppEventsController.m */,
				FB5F5E781ADD71CD00E7A019 /* PFTAppInviteDialogDelegate.h */,
				FB5F5E791ADD71CD00E7A019 /* PFTAppInviteDialogDelegate.m */,
				FBBDE3E91AD5B71B000EB014 /* PFTGameRequestDelegate.h */,
				FBBDE3EA1AD5B71B000EB014 /* PFTGameRequestDelegate.m */,
				FB5F5E721ADD6E3400E7A019 /* PFTSharingDelegate.h */,
				FB5F5E731ADD6E3400E7A019 /* PFTSharingDelegate.m */,
				FB5EBC4A1AD3A9FA002E529B /* Main.storyboard */,
				FB5EBC4D1AD3A9FA002E529B /* Images.xcassets */,
				FB7C07451BB010B300EFE8D8 /* OverlayView.xib */,
				FB5EBC4F1AD3A9FA002E529B /* LaunchScreen.xib */,
				FB5EBC3D1AD3A9FA002E529B /* Supporting Files */,
			);
			path = platformTest;
			sourceTree = "<group>";
		};
		FB5EBC3D1AD3A9FA002E529B /* Supporting Files */ = {
			isa = PBXGroup;
			children = (
				FB5EBC3E1AD3A9FA002E529B /* Info.plist */,
				FB5EBC3F1AD3A9FA002E529B /* main.m */,
			);
			name = "Supporting Files";
			sourceTree = "<group>";
		};
		FB5EBC591AD3A9FA002E529B /* platformTestTests */ = {
			isa = PBXGroup;
			children = (
				FB5EBC5C1AD3A9FA002E529B /* platformTestTests.m */,
				FB5EBC5A1AD3A9FA002E529B /* Supporting Files */,
			);
			path = platformTestTests;
			sourceTree = "<group>";
		};
		FB5EBC5A1AD3A9FA002E529B /* Supporting Files */ = {
			isa = PBXGroup;
			children = (
				FB5EBC5B1AD3A9FA002E529B /* Info.plist */,
			);
			name = "Supporting Files";
			sourceTree = "<group>";
		};
		FB5EBC731AD3C4CC002E529B /* Frameworks */ = {
			isa = PBXGroup;
			children = (
				FBFC3FBD1AFB5D3D0066A31F /* System */,
				FB6D871D1BAFD5D900B8EAE8 /* Bolts.framework */,
				FB6D871E1BAFD5D900B8EAE8 /* FBSDKCoreKit.framework */,
				FB6D871F1BAFD5D900B8EAE8 /* FBSDKLoginKit.framework */,
				FB6D87201BAFD5D900B8EAE8 /* FBSDKShareKit.framework */,
				FB4A79101CBB747900AB36BB /* AccountKit.framework */,
				FB6A99851BAB36A800D54EEF /* Parse.framework */,
			);
			name = Frameworks;
			sourceTree = "<group>";
		};
		FBFC3FBD1AFB5D3D0066A31F /* System */ = {
			isa = PBXGroup;
			children = (
				FBFC3FBE1AFB5D510066A31F /* AdSupport.framework */,
				FBFC3FBF1AFB5D510066A31F /* Social.framework */,
				FBFC3FC01AFB5D510066A31F /* Accounts.framework */,
				FBFC3FC11AFB5D510066A31F /* AudioToolbox.framework */,
				FBFC3FC21AFB5D510066A31F /* CFNetwork.framework */,
				FBFC3FC31AFB5D510066A31F /* CoreGraphics.framework */,
				FBFC3FC41AFB5D510066A31F /* CoreLocation.framework */,
				FBFC3FC51AFB5D510066A31F /* Foundation.framework */,
				FBFC3FC61AFB5D510066A31F /* libsqlite3.dylib */,
				FBFC3FC71AFB5D510066A31F /* libz.1.1.3.dylib */,
				FBFC3FC81AFB5D510066A31F /* libstdc++.6.dylib */,
				FBFC3FE01AFB5D9A0066A31F /* Security.framework */,
				FBFC3FC91AFB5D510066A31F /* MobileCoreServices.framework */,
				FBFC3FCA1AFB5D510066A31F /* QuartzCore.framework */,
				FBFC3FCC1AFB5D510066A31F /* StoreKit.framework */,
				FBFC3FCD1AFB5D510066A31F /* SystemConfiguration.framework */,
				FBFC3FCE1AFB5D510066A31F /* UIKit.framework */,
			);
			name = System;
			sourceTree = "<group>";
		};
/* End PBXGroup section */

/* Begin PBXNativeTarget section */
		FB5EBC391AD3A9FA002E529B /* platformTest */ = {
			isa = PBXNativeTarget;
			buildConfigurationList = FB5EBC601AD3A9FA002E529B /* Build configuration list for PBXNativeTarget "platformTest" */;
			buildPhases = (
				FB5EBC361AD3A9FA002E529B /* Sources */,
				FB5EBC371AD3A9FA002E529B /* Frameworks */,
				FB5EBC381AD3A9FA002E529B /* Resources */,
			);
			buildRules = (
			);
			dependencies = (
			);
			name = platformTest;
			productName = platformTest;
			productReference = FB5EBC3A1AD3A9FA002E529B /* platformTest.app */;
			productType = "com.apple.product-type.application";
		};
/* End PBXNativeTarget section */

/* Begin PBXProject section */
		FB5EBC321AD3A9FA002E529B /* Project object */ = {
			isa = PBXProject;
			attributes = {
				LastUpgradeCheck = 0700;
				ORGANIZATIONNAME = "Pu Guannan";
				TargetAttributes = {
					FB5EBC391AD3A9FA002E529B = {
						CreatedOnToolsVersion = 6.2;
						DevelopmentTeam = ZK53YZ3NDT;
					};
				};
			};
			buildConfigurationList = FB5EBC351AD3A9FA002E529B /* Build configuration list for PBXProject "platformTest" */;
			compatibilityVersion = "Xcode 3.2";
			developmentRegion = English;
			hasScannedForEncodings = 0;
			knownRegions = (
				en,
				Base,
			);
			mainGroup = FB5EBC311AD3A9FA002E529B;
			productRefGroup = FB5EBC3B1AD3A9FA002E529B /* Products */;
			projectDirPath = "";
			projectRoot = "";
			targets = (
				FB5EBC391AD3A9FA002E529B /* platformTest */,
			);
		};
/* End PBXProject section */

/* Begin PBXResourcesBuildPhase section */
		FB5EBC381AD3A9FA002E529B /* Resources */ = {
			isa = PBXResourcesBuildPhase;
			buildActionMask = 2147483647;
			files = (
				FB5EBC4C1AD3A9FA002E529B /* Main.storyboard in Resources */,
				FB7C07461BB010B300EFE8D8 /* OverlayView.xib in Resources */,
				FB5EBC511AD3A9FA002E529B /* LaunchScreen.xib in Resources */,
				FB5EBC4E1AD3A9FA002E529B /* Images.xcassets in Resources */,
			);
			runOnlyForDeploymentPostprocessing = 0;
		};
/* End PBXResourcesBuildPhase section */

/* Begin PBXSourcesBuildPhase section */
		FB5EBC361AD3A9FA002E529B /* Sources */ = {
			isa = PBXSourcesBuildPhase;
			buildActionMask = 2147483647;
			files = (
				FB5EBC491AD3A9FA002E529B /* PFTAppEventsController.m in Sources */,
				FB5EBC431AD3A9FA002E529B /* PFTAppDelegate.m in Sources */,
				FB6D87271BAFE03600B8EAE8 /* PFTImageViewController.m in Sources */,
				FB5EBC461AD3A9FA002E529B /* PFTSocialController.m in Sources */,
				FB5F5E741ADD6E3400E7A019 /* PFTSharingDelegate.m in Sources */,
				FBA5CDC01ADE68340099E5A4 /* PFTPickerViewController.m in Sources */,
				FB5EBC401AD3A9FA002E529B /* main.m in Sources */,
				FBBDE3EB1AD5B71B000EB014 /* PFTGameRequestDelegate.m in Sources */,
				FBC06F1C1ADED33F002CC1F5 /* PFTUiSwipeViewController.m in Sources */,
				FB5F5E7D1ADD875C00E7A019 /* PFTTableViewPickerController.m in Sources */,
				FB5F5E7A1ADD71CD00E7A019 /* PFTAppInviteDialogDelegate.m in Sources */,
			);
			runOnlyForDeploymentPostprocessing = 0;
		};
/* End PBXSourcesBuildPhase section */

/* Begin PBXVariantGroup section */
		FB5EBC4A1AD3A9FA002E529B /* Main.storyboard */ = {
			isa = PBXVariantGroup;
			children = (
				FB5EBC4B1AD3A9FA002E529B /* Base */,
			);
			name = Main.storyboard;
			sourceTree = "<group>";
		};
		FB5EBC4F1AD3A9FA002E529B /* LaunchScreen.xib */ = {
			isa = PBXVariantGroup;
			children = (
				FB5EBC501AD3A9FA002E529B /* Base */,
			);
			name = LaunchScreen.xib;
			sourceTree = "<group>";
		};
/* End PBXVariantGroup section */

/* Begin XCBuildConfiguration section */
		FB5EBC5E1AD3A9FA002E529B /* Debug */ = {
			isa = XCBuildConfiguration;
			buildSettings = {
				ALWAYS_SEARCH_USER_PATHS = NO;
				CLANG_ALLOW_NON_MODULAR_INCLUDES_IN_FRAMEWORK_MODULES = YES;
				CLANG_CXX_LANGUAGE_STANDARD = "gnu++0x";
				CLANG_CXX_LIBRARY = "libc++";
				CLANG_ENABLE_MODULES = YES;
				CLANG_ENABLE_OBJC_ARC = YES;
				CLANG_WARN_BOOL_CONVERSION = YES;
				CLANG_WARN_CONSTANT_CONVERSION = YES;
				CLANG_WARN_DIRECT_OBJC_ISA_USAGE = YES_ERROR;
				CLANG_WARN_EMPTY_BODY = YES;
				CLANG_WARN_ENUM_CONVERSION = YES;
				CLANG_WARN_INT_CONVERSION = YES;
				CLANG_WARN_OBJC_ROOT_CLASS = YES_ERROR;
				CLANG_WARN_UNREACHABLE_CODE = YES;
				CLANG_WARN__DUPLICATE_METHOD_MATCH = YES;
				CODE_SIGN_IDENTITY = "Apple Development IOS Push Services: com.pgn.platformTest";
				"CODE_SIGN_IDENTITY[sdk=iphoneos*]" = "Apple Development IOS Push Services: com.pgn.platformTest";
				COPY_PHASE_STRIP = NO;
				ENABLE_STRICT_OBJC_MSGSEND = YES;
				ENABLE_TESTABILITY = YES;
				GCC_C_LANGUAGE_STANDARD = gnu99;
				GCC_DYNAMIC_NO_PIC = NO;
				GCC_OPTIMIZATION_LEVEL = 0;
				GCC_PREPROCESSOR_DEFINITIONS = (
					"DEBUG=1",
					"$(inherited)",
				);
				GCC_SYMBOLS_PRIVATE_EXTERN = NO;
				GCC_WARN_64_TO_32_BIT_CONVERSION = YES;
				GCC_WARN_ABOUT_RETURN_TYPE = YES_ERROR;
				GCC_WARN_UNDECLARED_SELECTOR = YES;
				GCC_WARN_UNINITIALIZED_AUTOS = YES_AGGRESSIVE;
				GCC_WARN_UNUSED_FUNCTION = YES;
				GCC_WARN_UNUSED_VARIABLE = YES;
				IPHONEOS_DEPLOYMENT_TARGET = 9.0;
				MTL_ENABLE_DEBUG_INFO = YES;
				ONLY_ACTIVE_ARCH = YES;
				PROVISIONING_PROFILE = "149108f2-477e-468e-b33d-43ef2c1ff8b2";
				SDKROOT = iphoneos;
			};
			name = Debug;
		};
		FB5EBC5F1AD3A9FA002E529B /* Release */ = {
			isa = XCBuildConfiguration;
			buildSettings = {
				ALWAYS_SEARCH_USER_PATHS = NO;
				CLANG_ALLOW_NON_MODULAR_INCLUDES_IN_FRAMEWORK_MODULES = YES;
				CLANG_CXX_LANGUAGE_STANDARD = "gnu++0x";
				CLANG_CXX_LIBRARY = "libc++";
				CLANG_ENABLE_MODULES = YES;
				CLANG_ENABLE_OBJC_ARC = YES;
				CLANG_WARN_BOOL_CONVERSION = YES;
				CLANG_WARN_CONSTANT_CONVERSION = YES;
				CLANG_WARN_DIRECT_OBJC_ISA_USAGE = YES_ERROR;
				CLANG_WARN_EMPTY_BODY = YES;
				CLANG_WARN_ENUM_CONVERSION = YES;
				CLANG_WARN_INT_CONVERSION = YES;
				CLANG_WARN_OBJC_ROOT_CLASS = YES_ERROR;
				CLANG_WARN_UNREACHABLE_CODE = YES;
				CLANG_WARN__DUPLICATE_METHOD_MATCH = YES;
				CODE_SIGN_IDENTITY = "Apple Development IOS Push Services: com.pgn.platformTest";
				"CODE_SIGN_IDENTITY[sdk=iphoneos*]" = "Apple Development IOS Push Services: com.pgn.platformTest";
				COPY_PHASE_STRIP = NO;
				ENABLE_NS_ASSERTIONS = NO;
				ENABLE_STRICT_OBJC_MSGSEND = YES;
				GCC_C_LANGUAGE_STANDARD = gnu99;
				GCC_WARN_64_TO_32_BIT_CONVERSION = YES;
				GCC_WARN_ABOUT_RETURN_TYPE = YES_ERROR;
				GCC_WARN_UNDECLARED_SELECTOR = YES;
				GCC_WARN_UNINITIALIZED_AUTOS = YES_AGGRESSIVE;
				GCC_WARN_UNUSED_FUNCTION = YES;
				GCC_WARN_UNUSED_VARIABLE = YES;
				IPHONEOS_DEPLOYMENT_TARGET = 9.0;
				MTL_ENABLE_DEBUG_INFO = NO;
				PROVISIONING_PROFILE = "149108f2-477e-468e-b33d-43ef2c1ff8b2";
				SDKROOT = iphoneos;
				VALIDATE_PRODUCT = YES;
			};
			name = Release;
		};
		FB5EBC611AD3A9FA002E529B /* Debug */ = {
			isa = XCBuildConfiguration;
			buildSettings = {
				ASSETCATALOG_COMPILER_APPICON_NAME = AppIcon;
				CLANG_ALLOW_NON_MODULAR_INCLUDES_IN_FRAMEWORK_MODULES = NO;
				CLANG_CXX_LANGUAGE_STANDARD = "compiler-default";
				CLANG_CXX_LIBRARY = "compiler-default";
				CLANG_ENABLE_MODULES = NO;
				CLANG_MODULES_AUTOLINK = YES;
				CODE_SIGN_IDENTITY = "iPhone Developer";
				"CODE_SIGN_IDENTITY[sdk=iphoneos*]" = "iPhone Developer";
				FRAMEWORK_SEARCH_PATHS = (
					"$(inherited)",
					/Users/pgn/Documents/FacebookSDK,
					"/Users/pgn/Documents/parse-library",
				);
				GCC_TREAT_WARNINGS_AS_ERRORS = YES;
				INFOPLIST_FILE = platformTest/Info.plist;
				IPHONEOS_DEPLOYMENT_TARGET = 9.0;
				LD_RUNPATH_SEARCH_PATHS = "$(inherited)";
				LIBRARY_SEARCH_PATHS = "$(inherited)";
				ONLY_ACTIVE_ARCH = YES;
				PRODUCT_BUNDLE_IDENTIFIER = "com.pgn.$(PRODUCT_NAME:rfc1034identifier)";
				PRODUCT_NAME = "$(TARGET_NAME)";
				PROVISIONING_PROFILE = "";
				SDKROOT = iphoneos;
				VALID_ARCHS = "arm64 armv7 armv7s";
			};
			name = Debug;
		};
		FB5EBC621AD3A9FA002E529B /* Release */ = {
			isa = XCBuildConfiguration;
			buildSettings = {
				ASSETCATALOG_COMPILER_APPICON_NAME = AppIcon;
				CLANG_ALLOW_NON_MODULAR_INCLUDES_IN_FRAMEWORK_MODULES = NO;
				CLANG_CXX_LANGUAGE_STANDARD = "compiler-default";
				CLANG_CXX_LIBRARY = "compiler-default";
				CLANG_ENABLE_MODULES = NO;
				CLANG_MODULES_AUTOLINK = YES;
				CODE_SIGN_IDENTITY = "iPhone Developer";
				"CODE_SIGN_IDENTITY[sdk=iphoneos*]" = "iPhone Developer";
				ENABLE_NS_ASSERTIONS = YES;
				FRAMEWORK_SEARCH_PATHS = (
					"$(inherited)",
					/Users/pgn/Documents/FacebookSDK,
					"/Users/pgn/Documents/parse-library",
				);
				GCC_TREAT_WARNINGS_AS_ERRORS = YES;
				INFOPLIST_FILE = platformTest/Info.plist;
				IPHONEOS_DEPLOYMENT_TARGET = 9.0;
				LD_RUNPATH_SEARCH_PATHS = "$(inherited)";
				LIBRARY_SEARCH_PATHS = "$(inherited)";
				PRODUCT_BUNDLE_IDENTIFIER = "com.pgn.$(PRODUCT_NAME:rfc1034identifier)";
				PRODUCT_NAME = "$(TARGET_NAME)";
				PROVISIONING_PROFILE = "";
				SDKROOT = iphoneos;
				VALID_ARCHS = "arm64 armv7 armv7s";
			};
			name = Release;
		};
/* End XCBuildConfiguration section */

/* Begin XCConfigurationList section */
		FB5EBC351AD3A9FA002E529B /* Build configuration list for PBXProject "platformTest" */ = {
			isa = XCConfigurationList;
			buildConfigurations = (
				FB5EBC5E1AD3A9FA002E529B /* Debug */,
				FB5EBC5F1AD3A9FA002E529B /* Release */,
			);
			defaultConfigurationIsVisible = 0;
			defaultConfigurationName = Release;
		};
		FB5EBC601AD3A9FA002E529B /* Build configuration list for PBXNativeTarget "platformTest" */ = {
			isa = XCConfigurationList;
			buildConfigurations = (
				FB5EBC611AD3A9FA002E529B /* Debug */,
				FB5EBC621AD3A9FA002E529B /* Release */,
			);
			defaultConfigurationIsVisible = 0;
			defaultConfigurationName = Release;
		};
/* End XCConfigurationList section */
	};
	rootObject = FB5EBC321AD3A9FA002E529B /* Project object */;
}
